
Microsoft Visual Studio Solution File, Format Version 12.00
# Visual Studio 15
VisualStudioVersion = 15.0.28307.271
MinimumVisualStudioVersion = 10.0.40219.1
Project("{FAE04EC0-301F-11D3-BF4B-00C04F79EFBC}") = "AzureDBExport_ConsoleApp", "AzureDBExport_ConsoleApp\AzureDBExport_ConsoleApp.csproj", "{3A13E5F3-8029-486C-84A7-2805DA3806B9}"
EndProject
Global
	GlobalSection(SolutionConfigurationPlatforms) = preSolution
		Debug|Any CPU = Debug|Any CPU
		Release|Any CPU = Release|Any CPU
	EndGlobalSection
	GlobalSection(ProjectConfigurationPlatforms) = postSolution
		{3A13E5F3-8029-486C-84A7-2805DA3806B9}.Debug|Any CPU.ActiveCfg = Debug|Any CPU
		{3A13E5F3-8029-486C-84A7-2805DA3806B9}.Debug|Any CPU.Build.0 = Debug|Any CPU
		{3A13E5F3-8029-486C-84A7-2805DA3806B9}.Release|Any CPU.ActiveCfg = Release|Any CPU
		{3A13E5F3-8029-486C-84A7-2805DA3806B9}.Release|Any CPU.Build.0 = Release|Any CPU
	EndGlobalSection
	GlobalSection(SolutionProperties) = preSolution
		HideSolutionNode = FALSE
	EndGlobalSection
	GlobalSection(ExtensibilityGlobals) = postSolution
		SolutionGuid = {8489D668-A7F6-47C2-AEFC-11DAC27E6160}
	EndGlobalSection
EndGlobal
